
Microsoft Visual Studio Solution File, Format Version 12.00
# Visual Studio Version 16
VisualStudioVersion = 16.0.31410.357
MinimumVisualStudioVersion = 10.0.40219.1
Project("{9A19103F-16F7-4668-BE54-9A1E7A4F7556}") = "RoutingSample", "RoutingSample.csproj", "{DBE5F2B8-451B-4C83-B8D6-5B367D4D54BE}"
EndProject
Global
	GlobalSection(SolutionConfigurationPlatforms) = preSolution
		Debug|Any CPU = Debug|Any CPU
		Release|Any CPU = Release|Any CPU
	EndGlobalSection
	GlobalSection(ProjectConfigurationPlatforms) = postSolution
		{DBE5F2B8-451B-4C83-B8D6-5B367D4D54BE}.Debug|Any CPU.ActiveCfg = Debug|Any CPU
		{DBE5F2B8-451B-4C83-B8D6-5B367D4D54BE}.Debug|Any CPU.Build.0 = Debug|Any CPU
		{DBE5F2B8-451B-4C83-B8D6-5B367D4D54BE}.Release|Any CPU.ActiveCfg = Release|Any CPU
		{DBE5F2B8-451B-4C83-B8D6-5B367D4D54BE}.Release|Any CPU.Build.0 = Release|Any CPU
	EndGlobalSection
	GlobalSection(SolutionProperties) = preSolution
		HideSolutionNode = FALSE
	EndGlobalSection
	GlobalSection(ExtensibilityGlobals) = postSolution
		SolutionGuid = {028924F3-14BF-45A4-8593-4D47D1CD199E}
	EndGlobalSection
EndGlobal
